// !$*UTF8*$!
{
	archiveVersion = 1;
	classes = {
	};
	objectVersion = 77;
	objects = {

/* Begin PBXBuildFile section */
		D86D4DA22ECBC82300431E9E /* StableDiffusion in Frameworks */ = {isa = PBXBuildFile; productRef = D86D4DA12ECBC82300431E9E /* StableDiffusion */; };
/* End PBXBuildFile section */

/* Begin PBXContainerItemProxy section */
		D869883B2EA9F52300924351 /* PBXContainerItemProxy */ = {
			isa = PBXContainerItemProxy;
			containerPortal = D869881C2EA9F52200924351 /* Project object */;
			proxyType = 1;
			remoteGlobalIDString = D86988232EA9F52200924351;
			remoteInfo = noai;
		};
		D86988452EA9F52300924351 /* PBXContainerItemProxy */ = {
			isa = PBXContainerItemProxy;
			containerPortal = D869881C2EA9F52200924351 /* Project object */;
			proxyType = 1;
			remoteGlobalIDString = D86988232EA9F52200924351;
			remoteInfo = noai;
		};
/* End PBXContainerItemProxy section */

/* Begin PBXFileReference section */
		D86988242EA9F52200924351 /* noai.app */ = {isa = PBXFileReference; explicitFileType = wrapper.application; includeInIndex = 0; path = noai.app; sourceTree = BUILT_PRODUCTS_DIR; };
		D869883A2EA9F52300924351 /* noaiTests.xctest */ = {isa = PBXFileReference; explicitFileType = wrapper.cfbundle; includeInIndex = 0; path = noaiTests.xctest; sourceTree = BUILT_PRODUCTS_DIR; };
		D86988442EA9F52300924351 /* noaiUITests.xctest */ = {isa = PBXFileReference; explicitFileType = wrapper.cfbundle; includeInIndex = 0; path = noaiUITests.xctest; sourceTree = BUILT_PRODUCTS_DIR; };
/* End PBXFileReference section */

/* Begin PBXFileSystemSynchronizedRootGroup section */
		D86988262EA9F52200924351 /* noai */ = {
			isa = PBXFileSystemSynchronizedRootGroup;
			path = noai;
			sourceTree = "<group>";
		};
		D869883D2EA9F52300924351 /* noaiTests */ = {
			isa = PBXFileSystemSynchronizedRootGroup;
			path = noaiTests;
			sourceTree = "<group>";
		};
		D86988472EA9F52300924351 /* noaiUITests */ = {
			isa = PBXFileSystemSynchronizedRootGroup;
			path = noaiUITests;
			sourceTree = "<group>";
		};
/* End PBXFileSystemSynchronizedRootGroup section */

/* Begin PBXFrameworksBuildPhase section */
		D86988212EA9F52200924351 /* Frameworks */ = {
			isa = PBXFrameworksBuildPhase;
			buildActionMask = 2147483647;
			files = (
				D86D4DA22ECBC82300431E9E /* StableDiffusion in Frameworks */,
			);
			runOnlyForDeploymentPostprocessing = 0;
		};
		D86988372EA9F52300924351 /* Frameworks */ = {
			isa = PBXFrameworksBuildPhase;
			buildActionMask = 2147483647;
			files = (
			);
			runOnlyForDeploymentPostprocessing = 0;
		};
		D86988412EA9F52300924351 /* Frameworks */ = {
			isa = PBXFrameworksBuildPhase;
			buildActionMask = 2147483647;
			files = (
			);
			runOnlyForDeploymentPostprocessing = 0;
		};
/* End PBXFrameworksBuildPhase section */

/* Begin PBXGroup section */
		D869881B2EA9F52200924351 = {
			isa = PBXGroup;
			children = (
				D86988262EA9F52200924351 /* noai */,
				D869883D2EA9F52300924351 /* noaiTests */,
				D86988472EA9F52300924351 /* noaiUITests */,
				D86988252EA9F52200924351 /* Products */,
			);
			sourceTree = "<group>";
		};
		D86988252EA9F52200924351 /* Products */ = {
			isa = PBXGroup;
			children = (
				D86988242EA9F52200924351 /* noai.app */,
				D869883A2EA9F52300924351 /* noaiTests.xctest */,
				D86988442EA9F52300924351 /* noaiUITests.xctest */,
			);
			name = Products;
			sourceTree = "<group>";
		};
/* End PBXGroup section */

/* Begin PBXNativeTarget section */
		D86988232EA9F52200924351 /* noai */ = {
			isa = PBXNativeTarget;
			buildConfigurationList = D869884E2EA9F52300924351 /* Build configuration list for PBXNativeTarget "noai" */;
			buildPhases = (
				D86988202EA9F52200924351 /* Sources */,
				D86988212EA9F52200924351 /* Frameworks */,
				D86988222EA9F52200924351 /* Resources */,
			);
			buildRules = (
			);
			dependencies = (
			);
			fileSystemSynchronizedGroups = (
				D86988262EA9F52200924351 /* noai */,
			);
			name = noai;
			packageProductDependencies = (
				D86D4DA12ECBC82300431E9E /* StableDiffusion */,
			);
			productName = noai;
			productReference = D86988242EA9F52200924351 /* noai.app */;
			productType = "com.apple.product-type.application";
		};
		D86988392EA9F52300924351 /* noaiTests */ = {
			isa = PBXNativeTarget;
			buildConfigurationList = D86988512EA9F52300924351 /* Build configuration list for PBXNativeTarget "noaiTests" */;
			buildPhases = (
				D86988362EA9F52300924351 /* Sources */,
				D86988372EA9F52300924351 /* Frameworks */,
				D86988382EA9F52300924351 /* Resources */,
			);
			buildRules = (
			);
			dependencies = (
				D869883C2EA9F52300924351 /* PBXTargetDependency */,
			);
			fileSystemSynchronizedGroups = (
				D869883D2EA9F52300924351 /* noaiTests */,
			);
			name = noaiTests;
			packageProductDependencies = (
			);
			productName = noaiTests;
			productReference = D869883A2EA9F52300924351 /* noaiTests.xctest */;
			productType = "com.apple.product-type.bundle.unit-test";
		};
		D86988432EA9F52300924351 /* noaiUITests */ = {
			isa = PBXNativeTarget;
			buildConfigurationList = D86988542EA9F52300924351 /* Build configuration list for PBXNativeTarget "noaiUITests" */;
			buildPhases = (
				D86988402EA9F52300924351 /* Sources */,
				D86988412EA9F52300924351 /* Frameworks */,
				D86988422EA9F52300924351 /* Resources */,
			);
			buildRules = (
			);
			dependencies = (
				D86988462EA9F52300924351 /* PBXTargetDependency */,
			);
			fileSystemSynchronizedGroups = (
				D86988472EA9F52300924351 /* noaiUITests */,
			);
			name = noaiUITests;
			packageProductDependencies = (
			);
			productName = noaiUITests;
			productReference = D86988442EA9F52300924351 /* noaiUITests.xctest */;
			productType = "com.apple.product-type.bundle.ui-testing";
		};
/* End PBXNativeTarget section */

/* Begin PBXProject section */
		D869881C2EA9F52200924351 /* Project object */ = {
			isa = PBXProject;
			attributes = {
				BuildIndependentTargetsInParallel = 1;
				LastSwiftUpdateCheck = 1600;
				LastUpgradeCheck = 1600;
				TargetAttributes = {
					D86988232EA9F52200924351 = {
						CreatedOnToolsVersion = 16.0;
					};
					D86988392EA9F52300924351 = {
						CreatedOnToolsVersion = 16.0;
						TestTargetID = D86988232EA9F52200924351;
					};
					D86988432EA9F52300924351 = {
						CreatedOnToolsVersion = 16.0;
						TestTargetID = D86988232EA9F52200924351;
					};
				};
			};
			buildConfigurationList = D869881F2EA9F52200924351 /* Build configuration list for PBXProject "noai" */;
			developmentRegion = en;
			hasScannedForEncodings = 0;
			knownRegions = (
				en,
				Base,
			);
			mainGroup = D869881B2EA9F52200924351;
			minimizedProjectReferenceProxies = 1;
			packageReferences = (
				D86D4DA02ECBC82300431E9E /* XCRemoteSwiftPackageReference "ml-stable-diffusion" */,
			);
			preferredProjectObjectVersion = 77;
			productRefGroup = D86988252EA9F52200924351 /* Products */;
			projectDirPath = "";
			projectRoot = "";
			targets = (
				D86988232EA9F52200924351 /* noai */,
				D86988392EA9F52300924351 /* noaiTests */,
				D86988432EA9F52300924351 /* noaiUITests */,
			);
		};
/* End PBXProject section */

/* Begin PBXResourcesBuildPhase section */
		D86988222EA9F52200924351 /* Resources */ = {
			isa = PBXResourcesBuildPhase;
			buildActionMask = 2147483647;
			files = (
			);
			runOnlyForDeploymentPostprocessing = 0;
		};
		D86988382EA9F52300924351 /* Resources */ = {
			isa = PBXResourcesBuildPhase;
			buildActionMask = 2147483647;
			files = (
			);
			runOnlyForDeploymentPostprocessing = 0;
		};
		D86988422EA9F52300924351 /* Resources */ = {
			isa = PBXResourcesBuildPhase;
			buildActionMask = 2147483647;
			files = (
			);
			runOnlyForDeploymentPostprocessing = 0;
		};
/* End PBXResourcesBuildPhase section */

/* Begin PBXSourcesBuildPhase section */
		D86988202EA9F52200924351 /* Sources */ = {
			isa = PBXSourcesBuildPhase;
			buildActionMask = 2147483647;
			files = (
			);
			runOnlyForDeploymentPostprocessing = 0;
		};
		D86988362EA9F52300924351 /* Sources */ = {
			isa = PBXSourcesBuildPhase;
			buildActionMask = 2147483647;
			files = (
			);
			runOnlyForDeploymentPostprocessing = 0;
		};
		D86988402EA9F52300924351 /* Sources */ = {
			isa = PBXSourcesBuildPhase;
			buildActionMask = 2147483647;
			files = (
			);
			runOnlyForDeploymentPostprocessing = 0;
		};
/* End PBXSourcesBuildPhase section */

/* Begin PBXTargetDependency section */
		D869883C2EA9F52300924351 /* PBXTargetDependency */ = {
			isa = PBXTargetDependency;
			target = D86988232EA9F52200924351 /* noai */;
			targetProxy = D869883B2EA9F52300924351 /* PBXContainerItemProxy */;
		};
		D86988462EA9F52300924351 /* PBXTargetDependency */ = {
			isa = PBXTargetDependency;
			target = D86988232EA9F52200924351 /* noai */;
			targetProxy = D86988452EA9F52300924351 /* PBXContainerItemProxy */;
		};
/* End PBXTargetDependency section */

/* Begin XCBuildConfiguration section */
		D869884C2EA9F52300924351 /* Debug */ = {
			isa = XCBuildConfiguration;
			buildSettings = {
				ALWAYS_SEARCH_USER_PATHS = NO;
				ASSETCATALOG_COMPILER_GENERATE_SWIFT_ASSET_SYMBOL_EXTENSIONS = YES;
				CLANG_ANALYZER_NONNULL = YES;
				CLANG_ANALYZER_NUMBER_OBJECT_CONVERSION = YES_AGGRESSIVE;
				CLANG_CXX_LANGUAGE_STANDARD = "gnu++20";
				CLANG_ENABLE_MODULES = YES;
				CLANG_ENABLE_OBJC_ARC = YES;
				CLANG_ENABLE_OBJC_WEAK = YES;
				CLANG_WARN_BLOCK_CAPTURE_AUTORELEASING = YES;
				CLANG_WARN_BOOL_CONVERSION = YES;
				CLANG_WARN_COMMA = YES;
				CLANG_WARN_CONSTANT_CONVERSION = YES;
				CLANG_WARN_DEPRECATED_OBJC_IMPLEMENTATIONS = YES;
				CLANG_WARN_DIRECT_OBJC_ISA_USAGE = YES_ERROR;
				CLANG_WARN_DOCUMENTATION_COMMENTS = YES;
				CLANG_WARN_EMPTY_BODY = YES;
				CLANG_WARN_ENUM_CONVERSION = YES;
				CLANG_WARN_INFINITE_RECURSION = YES;
				CLANG_WARN_INT_CONVERSION = YES;
				CLANG_WARN_NON_LITERAL_NULL_CONVERSION = YES;
				CLANG_WARN_OBJC_IMPLICIT_RETAIN_SELF = YES;
				CLANG_WARN_OBJC_LITERAL_CONVERSION = YES;
				CLANG_WARN_OBJC_ROOT_CLASS = YES_ERROR;
				CLANG_WARN_QUOTED_INCLUDE_IN_FRAMEWORK_HEADER = YES;
				CLANG_WARN_RANGE_LOOP_ANALYSIS = YES;
				CLANG_WARN_STRICT_PROTOTYPES = YES;
				CLANG_WARN_SUSPICIOUS_MOVE = YES;
				CLANG_WARN_UNGUARDED_AVAILABILITY = YES_AGGRESSIVE;
				CLANG_WARN_UNREACHABLE_CODE = YES;
				CLANG_WARN__DUPLICATE_METHOD_MATCH = YES;
				COPY_PHASE_STRIP = NO;
				DEBUG_INFORMATION_FORMAT = dwarf;
				ENABLE_STRICT_OBJC_MSGSEND = YES;
				ENABLE_TESTABILITY = YES;
				ENABLE_USER_SCRIPT_SANDBOXING = YES;
				GCC_C_LANGUAGE_STANDARD = gnu17;
				GCC_DYNAMIC_NO_PIC = NO;
				GCC_NO_COMMON_BLOCKS = YES;
				GCC_OPTIMIZATION_LEVEL = 0;
				GCC_PREPROCESSOR_DEFINITIONS = (
					"DEBUG=1",
					"$(inherited)",
				);
				GCC_WARN_64_TO_32_BIT_CONVERSION = YES;
				GCC_WARN_ABOUT_RETURN_TYPE = YES_ERROR;
				GCC_WARN_UNDECLARED_SELECTOR = YES;
				GCC_WARN_UNINITIALIZED_AUTOS = YES_AGGRESSIVE;
				GCC_WARN_UNUSED_FUNCTION = YES;
				GCC_WARN_UNUSED_VARIABLE = YES;
				LOCALIZATION_PREFERS_STRING_CATALOGS = YES;
				MACOSX_DEPLOYMENT_TARGET = 15.0;
				MTL_ENABLE_DEBUG_INFO = INCLUDE_SOURCE;
				MTL_FAST_MATH = YES;
				ONLY_ACTIVE_ARCH = YES;
				SDKROOT = macosx;
				SWIFT_ACTIVE_COMPILATION_CONDITIONS = "DEBUG $(inherited)";
				SWIFT_OPTIMIZATION_LEVEL = "-Onone";
			};
			name = Debug;
		};
		D869884D2EA9F52300924351 /* Release */ = {
			isa = XCBuildConfiguration;
			buildSettings = {
				ALWAYS_SEARCH_USER_PATHS = NO;
				ASSETCATALOG_COMPILER_GENERATE_SWIFT_ASSET_SYMBOL_EXTENSIONS = YES;
				CLANG_ANALYZER_NONNULL = YES;
				CLANG_ANALYZER_NUMBER_OBJECT_CONVERSION = YES_AGGRESSIVE;
				CLANG_CXX_LANGUAGE_STANDARD = "gnu++20";
				CLANG_ENABLE_MODULES = YES;
				CLANG_ENABLE_OBJC_ARC = YES;
				CLANG_ENABLE_OBJC_WEAK = YES;
				CLANG_WARN_BLOCK_CAPTURE_AUTORELEASING = YES;
				CLANG_WARN_BOOL_CONVERSION = YES;
				CLANG_WARN_COMMA = YES;
				CLANG_WARN_CONSTANT_CONVERSION = YES;
				CLANG_WARN_DEPRECATED_OBJC_IMPLEMENTATIONS = YES;
				CLANG_WARN_DIRECT_OBJC_ISA_USAGE = YES_ERROR;
				CLANG_WARN_DOCUMENTATION_COMMENTS = YES;
				CLANG_WARN_EMPTY_BODY = YES;
				CLANG_WARN_ENUM_CONVERSION = YES;
				CLANG_WARN_INFINITE_RECURSION = YES;
				CLANG_WARN_INT_CONVERSION = YES;
				CLANG_WARN_NON_LITERAL_NULL_CONVERSION = YES;
				CLANG_WARN_OBJC_IMPLICIT_RETAIN_SELF = YES;
				CLANG_WARN_OBJC_LITERAL_CONVERSION = YES;
				CLANG_WARN_OBJC_ROOT_CLASS = YES_ERROR;
				CLANG_WARN_QUOTED_INCLUDE_IN_FRAMEWORK_HEADER = YES;
				CLANG_WARN_RANGE_LOOP_ANALYSIS = YES;
				CLANG_WARN_STRICT_PROTOTYPES = YES;
				CLANG_WARN_SUSPICIOUS_MOVE = YES;
				CLANG_WARN_UNGUARDED_AVAILABILITY = YES_AGGRESSIVE;
				CLANG_WARN_UNREACHABLE_CODE = YES;
				CLANG_WARN__DUPLICATE_METHOD_MATCH = YES;
				COPY_PHASE_STRIP = NO;
				DEBUG_INFORMATION_FORMAT = "dwarf-with-dsym";
				ENABLE_NS_ASSERTIONS = NO;
				ENABLE_STRICT_OBJC_MSGSEND = YES;
				ENABLE_USER_SCRIPT_SANDBOXING = YES;
				GCC_C_LANGUAGE_STANDARD = gnu17;
				GCC_NO_COMMON_BLOCKS = YES;
				GCC_WARN_64_TO_32_BIT_CONVERSION = YES;
				GCC_WARN_ABOUT_RETURN_TYPE = YES_ERROR;
				GCC_WARN_UNDECLARED_SELECTOR = YES;
				GCC_WARN_UNINITIALIZED_AUTOS = YES_AGGRESSIVE;
				GCC_WARN_UNUSED_FUNCTION = YES;
				GCC_WARN_UNUSED_VARIABLE = YES;
				LOCALIZATION_PREFERS_STRING_CATALOGS = YES;
				MACOSX_DEPLOYMENT_TARGET = 15.0;
				MTL_ENABLE_DEBUG_INFO = NO;
				MTL_FAST_MATH = YES;
				SDKROOT = macosx;
				SWIFT_COMPILATION_MODE = wholemodule;
			};
			name = Release;
		};
		D869884F2EA9F52300924351 /* Debug */ = {
			isa = XCBuildConfiguration;
			buildSettings = {
				ASSETCATALOG_COMPILER_APPICON_NAME = AppIcon;
				ASSETCATALOG_COMPILER_GLOBAL_ACCENT_COLOR_NAME = AccentColor;
				CODE_SIGN_ENTITLEMENTS = noai/noai.entitlements;
				CODE_SIGN_STYLE = Automatic;
				COMBINE_HIDPI_IMAGES = YES;
				CURRENT_PROJECT_VERSION = 2;
				DEVELOPMENT_ASSET_PATHS = "\"noai/SupportingFiles/Preview Content\"";
				DEVELOPMENT_TEAM = B923R5A4X7;
				ENABLE_HARDENED_RUNTIME = YES;
				ENABLE_PREVIEWS = YES;
				GENERATE_INFOPLIST_FILE = YES;
				INFOPLIST_KEY_NSHumanReadableCopyright = "";
				LD_RUNPATH_SEARCH_PATHS = (
					"$(inherited)",
					"@executable_path/../Frameworks",
				);
				MARKETING_VERSION = 1.1;
				PRODUCT_BUNDLE_IDENTIFIER = com.nodle.noai;
				PRODUCT_NAME = "$(TARGET_NAME)";
				SWIFT_EMIT_LOC_STRINGS = YES;
				SWIFT_VERSION = 5.0;
			};
			name = Debug;
		};
		D86988502EA9F52300924351 /* Release */ = {
			isa = XCBuildConfiguration;
			buildSettings = {
				ASSETCATALOG_COMPILER_APPICON_NAME = AppIcon;
				ASSETCATALOG_COMPILER_GLOBAL_ACCENT_COLOR_NAME = AccentColor;
				CODE_SIGN_ENTITLEMENTS = noai/noai.entitlements;
				CODE_SIGN_STYLE = Automatic;
				COMBINE_HIDPI_IMAGES = YES;
				CURRENT_PROJECT_VERSION = 2;
				DEVELOPMENT_ASSET_PATHS = "\"noai/SupportingFiles/Preview Content\"";
				DEVELOPMENT_TEAM = B923R5A4X7;
				ENABLE_HARDENED_RUNTIME = YES;
				ENABLE_PREVIEWS = YES;
				GENERATE_INFOPLIST_FILE = YES;
				INFOPLIST_KEY_NSHumanReadableCopyright = "";
				LD_RUNPATH_SEARCH_PATHS = (
					"$(inherited)",
					"@executable_path/../Frameworks",
				);
				MARKETING_VERSION = 1.1;
				PRODUCT_BUNDLE_IDENTIFIER = com.nodle.noai;
				PRODUCT_NAME = "$(TARGET_NAME)";
				SWIFT_EMIT_LOC_STRINGS = YES;
				SWIFT_VERSION = 5.0;
			};
			name = Release;
		};
		D86988522EA9F52300924351 /* Debug */ = {
			isa = XCBuildConfiguration;
			buildSettings = {
				BUNDLE_LOADER = "$(TEST_HOST)";
				CODE_SIGN_STYLE = Automatic;
				CURRENT_PROJECT_VERSION = 1;
				DEVELOPMENT_TEAM = B923R5A4X7;
				GENERATE_INFOPLIST_FILE = YES;
				MACOSX_DEPLOYMENT_TARGET = 15.0;
				MARKETING_VERSION = 1.0;
				PRODUCT_BUNDLE_IDENTIFIER = com.nodle.noaiTests;
				PRODUCT_NAME = "$(TARGET_NAME)";
				SWIFT_EMIT_LOC_STRINGS = NO;
				SWIFT_VERSION = 5.0;
				TEST_HOST = "$(BUILT_PRODUCTS_DIR)/noai.app/$(BUNDLE_EXECUTABLE_FOLDER_PATH)/noai";
			};
			name = Debug;
		};
		D86988532EA9F52300924351 /* Release */ = {
			isa = XCBuildConfiguration;
			buildSettings = {
				BUNDLE_LOADER = "$(TEST_HOST)";
				CODE_SIGN_STYLE = Automatic;
				CURRENT_PROJECT_VERSION = 1;
				DEVELOPMENT_TEAM = B923R5A4X7;
				GENERATE_INFOPLIST_FILE = YES;
				MACOSX_DEPLOYMENT_TARGET = 15.0;
				MARKETING_VERSION = 1.0;
				PRODUCT_BUNDLE_IDENTIFIER = com.nodle.noaiTests;
				PRODUCT_NAME = "$(TARGET_NAME)";
				SWIFT_EMIT_LOC_STRINGS = NO;
				SWIFT_VERSION = 5.0;
				TEST_HOST = "$(BUILT_PRODUCTS_DIR)/noai.app/$(BUNDLE_EXECUTABLE_FOLDER_PATH)/noai";
			};
			name = Release;
		};
		D86988552EA9F52300924351 /* Debug */ = {
			isa = XCBuildConfiguration;
			buildSettings = {
				CODE_SIGN_STYLE = Automatic;
				CURRENT_PROJECT_VERSION = 1;
				DEVELOPMENT_TEAM = B923R5A4X7;
				GENERATE_INFOPLIST_FILE = YES;
				MARKETING_VERSION = 1.0;
				PRODUCT_BUNDLE_IDENTIFIER = com.nodle.noaiUITests;
				PRODUCT_NAME = "$(TARGET_NAME)";
				SWIFT_EMIT_LOC_STRINGS = NO;
				SWIFT_VERSION = 5.0;
				TEST_TARGET_NAME = noai;
			};
			name = Debug;
		};
		D86988562EA9F52300924351 /* Release */ = {
			isa = XCBuildConfiguration;
			buildSettings = {
				CODE_SIGN_STYLE = Automatic;
				CURRENT_PROJECT_VERSION = 1;
				DEVELOPMENT_TEAM = B923R5A4X7;
				GENERATE_INFOPLIST_FILE = YES;
				MARKETING_VERSION = 1.0;
				PRODUCT_BUNDLE_IDENTIFIER = com.nodle.noaiUITests;
				PRODUCT_NAME = "$(TARGET_NAME)";
				SWIFT_EMIT_LOC_STRINGS = NO;
				SWIFT_VERSION = 5.0;
				TEST_TARGET_NAME = noai;
			};
			name = Release;
		};
/* End XCBuildConfiguration section */

/* Begin XCConfigurationList section */
		D869881F2EA9F52200924351 /* Build configuration list for PBXProject "noai" */ = {
			isa = XCConfigurationList;
			buildConfigurations = (
				D869884C2EA9F52300924351 /* Debug */,
				D869884D2EA9F52300924351 /* Release */,
			);
			defaultConfigurationIsVisible = 0;
			defaultConfigurationName = Release;
		};
		D869884E2EA9F52300924351 /* Build configuration list for PBXNativeTarget "noai" */ = {
			isa = XCConfigurationList;
			buildConfigurations = (
				D869884F2EA9F52300924351 /* Debug */,
				D86988502EA9F52300924351 /* Release */,
			);
			defaultConfigurationIsVisible = 0;
			defaultConfigurationName = Release;
		};
		D86988512EA9F52300924351 /* Build configuration list for PBXNativeTarget "noaiTests" */ = {
			isa = XCConfigurationList;
			buildConfigurations = (
				D86988522EA9F52300924351 /* Debug */,
				D86988532EA9F52300924351 /* Release */,
			);
			defaultConfigurationIsVisible = 0;
			defaultConfigurationName = Release;
		};
		D86988542EA9F52300924351 /* Build configuration list for PBXNativeTarget "noaiUITests" */ = {
			isa = XCConfigurationList;
			buildConfigurations = (
				D86988552EA9F52300924351 /* Debug */,
				D86988562EA9F52300924351 /* Release */,
			);
			defaultConfigurationIsVisible = 0;
			defaultConfigurationName = Release;
		};
/* End XCConfigurationList section */

/* Begin XCRemoteSwiftPackageReference section */
		D86D4DA02ECBC82300431E9E /* XCRemoteSwiftPackageReference "ml-stable-diffusion" */ = {
			isa = XCRemoteSwiftPackageReference;
			repositoryURL = "https://github.com/apple/ml-stable-diffusion";
			requirement = {
				kind = upToNextMajorVersion;
				minimumVersion = 1.1.1;
			};
		};
/* End XCRemoteSwiftPackageReference section */

/* Begin XCSwiftPackageProductDependency section */
		D86D4DA12ECBC82300431E9E /* StableDiffusion */ = {
			isa = XCSwiftPackageProductDependency;
			package = D86D4DA02ECBC82300431E9E /* XCRemoteSwiftPackageReference "ml-stable-diffusion" */;
			productName = StableDiffusion;
		};
/* End XCSwiftPackageProductDependency section */
	};
	rootObject = D869881C2EA9F52200924351 /* Project object */;
}
